
Microsoft Visual Studio Solution File, Format Version 12.00
# Visual Studio Version 17
VisualStudioVersion = 17.14.36623.8 d17.14
MinimumVisualStudioVersion = 10.0.40219.1
Project("{FAE04EC0-301F-11D3-BF4B-00C04F79EFBC}") = "markdown_notes_app.API", "src\markdown_notes_app.API\markdown_notes_app.API.csproj", "{5028556E-2FC4-4325-AE31-495251A682ED}"
EndProject
Project("{FAE04EC0-301F-11D3-BF4B-00C04F79EFBC}") = "markdown_notes_app.Core", "src\markdown_notes_app.Core\markdown_notes_app.Core.csproj", "{209A1130-9978-4725-B138-1A35B24CBE25}"
EndProject
Project("{FAE04EC0-301F-11D3-BF4B-00C04F79EFBC}") = "markdown_notes_app.Infrastructure", "src\markdown_notes_app.Infrastructure\markdown_notes_app.Infrastructure.csproj", "{23F56208-3E03-4954-82CB-3FC6957C4C55}"
EndProject
Global
	GlobalSection(SolutionConfigurationPlatforms) = preSolution
		Debug|Any CPU = Debug|Any CPU
		Release|Any CPU = Release|Any CPU
	EndGlobalSection
	GlobalSection(ProjectConfigurationPlatforms) = postSolution
		{5028556E-2FC4-4325-AE31-495251A682ED}.Debug|Any CPU.ActiveCfg = Debug|Any CPU
		{5028556E-2FC4-4325-AE31-495251A682ED}.Debug|Any CPU.Build.0 = Debug|Any CPU
		{5028556E-2FC4-4325-AE31-495251A682ED}.Release|Any CPU.ActiveCfg = Release|Any CPU
		{5028556E-2FC4-4325-AE31-495251A682ED}.Release|Any CPU.Build.0 = Release|Any CPU
		{209A1130-9978-4725-B138-1A35B24CBE25}.Debug|Any CPU.ActiveCfg = Debug|Any CPU
		{209A1130-9978-4725-B138-1A35B24CBE25}.Debug|Any CPU.Build.0 = Debug|Any CPU
		{209A1130-9978-4725-B138-1A35B24CBE25}.Release|Any CPU.ActiveCfg = Release|Any CPU
		{209A1130-9978-4725-B138-1A35B24CBE25}.Release|Any CPU.Build.0 = Release|Any CPU
		{23F56208-3E03-4954-82CB-3FC6957C4C55}.Debug|Any CPU.ActiveCfg = Debug|Any CPU
		{23F56208-3E03-4954-82CB-3FC6957C4C55}.Debug|Any CPU.Build.0 = Debug|Any CPU
		{23F56208-3E03-4954-82CB-3FC6957C4C55}.Release|Any CPU.ActiveCfg = Release|Any CPU
		{23F56208-3E03-4954-82CB-3FC6957C4C55}.Release|Any CPU.Build.0 = Release|Any CPU
	EndGlobalSection
	GlobalSection(SolutionProperties) = preSolution
		HideSolutionNode = FALSE
	EndGlobalSection
	GlobalSection(ExtensibilityGlobals) = postSolution
		SolutionGuid = {CFD5E6CC-CD42-408A-9CDD-3C0F4F1D7B10}
	EndGlobalSection
EndGlobal
